
Microsoft Visual Studio Solution File, Format Version 12.00
# Visual Studio 14
VisualStudioVersion = 14.0.24720.0
MinimumVisualStudioVersion = 10.0.40219.1
Project("{FAE04EC0-301F-11D3-BF4B-00C04F79EFBC}") = "PM_Audit", "PM_Audit\PM_Audit.csproj", "{C45D7555-0980-4C12-BE7A-C35FF255C7AD}"
EndProject
Project("{FAE04EC0-301F-11D3-BF4B-00C04F79EFBC}") = "BusinessLayer", "BusinessLayer\BusinessLayer.csproj", "{E752DF01-2790-4F89-8DB7-8089B166CA46}"
EndProject
Global
	GlobalSection(SolutionConfigurationPlatforms) = preSolution
		Debug|Any CPU = Debug|Any CPU
		Release|Any CPU = Release|Any CPU
	EndGlobalSection
	GlobalSection(ProjectConfigurationPlatforms) = postSolution
		{C45D7555-0980-4C12-BE7A-C35FF255C7AD}.Debug|Any CPU.ActiveCfg = Debug|Any CPU
		{C45D7555-0980-4C12-BE7A-C35FF255C7AD}.Debug|Any CPU.Build.0 = Debug|Any CPU
		{C45D7555-0980-4C12-BE7A-C35FF255C7AD}.Release|Any CPU.ActiveCfg = Release|Any CPU
		{C45D7555-0980-4C12-BE7A-C35FF255C7AD}.Release|Any CPU.Build.0 = Release|Any CPU
		{E752DF01-2790-4F89-8DB7-8089B166CA46}.Debug|Any CPU.ActiveCfg = Debug|Any CPU
		{E752DF01-2790-4F89-8DB7-8089B166CA46}.Debug|Any CPU.Build.0 = Debug|Any CPU
		{E752DF01-2790-4F89-8DB7-8089B166CA46}.Release|Any CPU.ActiveCfg = Release|Any CPU
		{E752DF01-2790-4F89-8DB7-8089B166CA46}.Release|Any CPU.Build.0 = Release|Any CPU
	EndGlobalSection
	GlobalSection(SolutionProperties) = preSolution
		HideSolutionNode = FALSE
	EndGlobalSection
EndGlobal
